
Microsoft Visual Studio Solution File, Format Version 12.00
# Visual Studio Version 16
VisualStudioVersion = 16.0.31402.337
MinimumVisualStudioVersion = 10.0.40219.1
Project("{FAE04EC0-301F-11D3-BF4B-00C04F79EFBC}") = "Dependency Loader", "Dependency Loader\Dependency Loader.csproj", "{F179CEE2-B6D9-440A-BFC4-2F68F92CDA8B}"
EndProject
Project("{FAE04EC0-301F-11D3-BF4B-00C04F79EFBC}") = "Dependency Tester", "Dependency Tester\Dependency Tester.csproj", "{B2B1D378-C01C-4814-A663-0E1E87C58B39}"
EndProject
Global
	GlobalSection(SolutionConfigurationPlatforms) = preSolution
		Debug|Any CPU = Debug|Any CPU
		Debug|x64 = Debug|x64
		Release|Any CPU = Release|Any CPU
		Release|x64 = Release|x64
	EndGlobalSection
	GlobalSection(ProjectConfigurationPlatforms) = postSolution
		{F179CEE2-B6D9-440A-BFC4-2F68F92CDA8B}.Debug|Any CPU.ActiveCfg = Debug|Any CPU
		{F179CEE2-B6D9-440A-BFC4-2F68F92CDA8B}.Debug|Any CPU.Build.0 = Debug|Any CPU
		{F179CEE2-B6D9-440A-BFC4-2F68F92CDA8B}.Debug|x64.ActiveCfg = Debug|x64
		{F179CEE2-B6D9-440A-BFC4-2F68F92CDA8B}.Debug|x64.Build.0 = Debug|x64
		{F179CEE2-B6D9-440A-BFC4-2F68F92CDA8B}.Release|Any CPU.ActiveCfg = Release|Any CPU
		{F179CEE2-B6D9-440A-BFC4-2F68F92CDA8B}.Release|Any CPU.Build.0 = Release|Any CPU
		{F179CEE2-B6D9-440A-BFC4-2F68F92CDA8B}.Release|x64.ActiveCfg = Release|x64
		{F179CEE2-B6D9-440A-BFC4-2F68F92CDA8B}.Release|x64.Build.0 = Release|x64
		{B2B1D378-C01C-4814-A663-0E1E87C58B39}.Debug|Any CPU.ActiveCfg = Debug|Any CPU
		{B2B1D378-C01C-4814-A663-0E1E87C58B39}.Debug|Any CPU.Build.0 = Debug|Any CPU
		{B2B1D378-C01C-4814-A663-0E1E87C58B39}.Debug|x64.ActiveCfg = Debug|x64
		{B2B1D378-C01C-4814-A663-0E1E87C58B39}.Debug|x64.Build.0 = Debug|x64
		{B2B1D378-C01C-4814-A663-0E1E87C58B39}.Release|Any CPU.ActiveCfg = Release|Any CPU
		{B2B1D378-C01C-4814-A663-0E1E87C58B39}.Release|Any CPU.Build.0 = Release|Any CPU
		{B2B1D378-C01C-4814-A663-0E1E87C58B39}.Release|x64.ActiveCfg = Release|Any CPU
		{B2B1D378-C01C-4814-A663-0E1E87C58B39}.Release|x64.Build.0 = Release|Any CPU
	EndGlobalSection
	GlobalSection(SolutionProperties) = preSolution
		HideSolutionNode = FALSE
	EndGlobalSection
	GlobalSection(ExtensibilityGlobals) = postSolution
		SolutionGuid = {CA791082-E039-44F2-8869-3AE1C95C3876}
	EndGlobalSection
EndGlobal
